// !$*UTF8*$!
{
	archiveVersion = 1;
	classes = {
	};
	objectVersion = 56;
	objects = {

/* Begin PBXBuildFile section */
		3F467FBD2AE99FEE0077D73E /* AppDelegate.swift in Sources */ = {isa = PBXBuildFile; fileRef = 3F467FBC2AE99FEE0077D73E /* AppDelegate.swift */; };
		3F467FBF2AE99FEE0077D73E /* SceneDelegate.swift in Sources */ = {isa = PBXBuildFile; fileRef = 3F467FBE2AE99FEE0077D73E /* SceneDelegate.swift */; };
		3F467FC12AE99FEE0077D73E /* ViewController.swift in Sources */ = {isa = PBXBuildFile; fileRef = 3F467FC02AE99FEE0077D73E /* ViewController.swift */; };
		3F467FC42AE99FEE0077D73E /* Main.storyboard in Resources */ = {isa = PBXBuildFile; fileRef = 3F467FC22AE99FEE0077D73E /* Main.storyboard */; };
		3F467FC62AE99FEF0077D73E /* Assets.xcassets in Resources */ = {isa = PBXBuildFile; fileRef = 3F467FC52AE99FEF0077D73E /* Assets.xcassets */; };
		3F467FC92AE99FEF0077D73E /* LaunchScreen.storyboard in Resources */ = {isa = PBXBuildFile; fileRef = 3F467FC72AE99FEF0077D73E /* LaunchScreen.storyboard */; };
		3F467FD42AE99FF10077D73E /* Projects 2 & 3 - FlixsterTests.swift in Sources */ = {isa = PBXBuildFile; fileRef = 3F467FD32AE99FF10077D73E /* Projects 2 & 3 - FlixsterTests.swift */; };
		3F467FDE2AE99FF10077D73E /* Projects 2 & 3 - FlixsterUITests.swift in Sources */ = {isa = PBXBuildFile; fileRef = 3F467FDD2AE99FF10077D73E /* Projects 2 & 3 - FlixsterUITests.swift */; };
		3F467FE02AE99FF10077D73E /* Projects 2 & 3 - FlixsterUITestsLaunchTests.swift in Sources */ = {isa = PBXBuildFile; fileRef = 3F467FDF2AE99FF10077D73E /* Projects 2 & 3 - FlixsterUITestsLaunchTests.swift */; };
		3F467FED2AE9C6EB0077D73E /* Assets.xcassets in Resources */ = {isa = PBXBuildFile; fileRef = 3F467FEC2AE9C6EB0077D73E /* Assets.xcassets */; };
		3F467FF02AE9E5320077D73E /* movieData.swift in Sources */ = {isa = PBXBuildFile; fileRef = 3F467FEF2AE9E5310077D73E /* movieData.swift */; };
		3F467FF42AEB18E70077D73E /* MoviesTableViewController.swift in Sources */ = {isa = PBXBuildFile; fileRef = 3F467FF32AEB18E70077D73E /* MoviesTableViewController.swift */; };
		3FABF3732AEC45DB00E3CD01 /* MovieDetailViewController.swift in Sources */ = {isa = PBXBuildFile; fileRef = 3FABF3722AEC45DB00E3CD01 /* MovieDetailViewController.swift */; };
		3FABF3772AEC6DC200E3CD01 /* MovieCell.swift in Sources */ = {isa = PBXBuildFile; fileRef = 3FABF3762AEC6DC200E3CD01 /* MovieCell.swift */; };
/* End PBXBuildFile section */

/* Begin PBXContainerItemProxy section */
		3F467FD02AE99FF10077D73E /* PBXContainerItemProxy */ = {
			isa = PBXContainerItemProxy;
			containerPortal = 3F467FB12AE99FEE0077D73E /* Project object */;
			proxyType = 1;
			remoteGlobalIDString = 3F467FB82AE99FEE0077D73E;
			remoteInfo = "Project 2 - Flixster";
		};
		3F467FDA2AE99FF10077D73E /* PBXContainerItemProxy */ = {
			isa = PBXContainerItemProxy;
			containerPortal = 3F467FB12AE99FEE0077D73E /* Project object */;
			proxyType = 1;
			remoteGlobalIDString = 3F467FB82AE99FEE0077D73E;
			remoteInfo = "Project 2 - Flixster";
		};
/* End PBXContainerItemProxy section */

/* Begin PBXFileReference section */
		3F467FB92AE99FEE0077D73E /* Projects 2 & 3 - Flixster.app */ = {isa = PBXFileReference; explicitFileType = wrapper.application; includeInIndex = 0; path = "Projects 2 & 3 - Flixster.app"; sourceTree = BUILT_PRODUCTS_DIR; };
		3F467FBC2AE99FEE0077D73E /* AppDelegate.swift */ = {isa = PBXFileReference; lastKnownFileType = sourcecode.swift; path = AppDelegate.swift; sourceTree = "<group>"; };
		3F467FBE2AE99FEE0077D73E /* SceneDelegate.swift */ = {isa = PBXFileReference; lastKnownFileType = sourcecode.swift; path = SceneDelegate.swift; sourceTree = "<group>"; };
		3F467FC02AE99FEE0077D73E /* ViewController.swift */ = {isa = PBXFileReference; lastKnownFileType = sourcecode.swift; path = ViewController.swift; sourceTree = "<group>"; };
		3F467FC32AE99FEE0077D73E /* Base */ = {isa = PBXFileReference; lastKnownFileType = file.storyboard; name = Base; path = Base.lproj/Main.storyboard; sourceTree = "<group>"; };
		3F467FC52AE99FEF0077D73E /* Assets.xcassets */ = {isa = PBXFileReference; lastKnownFileType = folder.assetcatalog; path = Assets.xcassets; sourceTree = "<group>"; };
		3F467FC82AE99FEF0077D73E /* Base */ = {isa = PBXFileReference; lastKnownFileType = file.storyboard; name = Base; path = Base.lproj/LaunchScreen.storyboard; sourceTree = "<group>"; };
		3F467FCA2AE99FEF0077D73E /* Info.plist */ = {isa = PBXFileReference; lastKnownFileType = text.plist.xml; path = Info.plist; sourceTree = "<group>"; };
		3F467FCF2AE99FF10077D73E /* Projects 2 & 3 - FlixsterTests.xctest */ = {isa = PBXFileReference; explicitFileType = wrapper.cfbundle; includeInIndex = 0; path = "Projects 2 & 3 - FlixsterTests.xctest"; sourceTree = BUILT_PRODUCTS_DIR; };
		3F467FD32AE99FF10077D73E /* Projects 2 & 3 - FlixsterTests.swift */ = {isa = PBXFileReference; lastKnownFileType = sourcecode.swift; path = "Projects 2 & 3 - FlixsterTests.swift"; sourceTree = "<group>"; };
		3F467FD92AE99FF10077D73E /* Projects 2 & 3 - FlixsterUITests.xctest */ = {isa = PBXFileReference; explicitFileType = wrapper.cfbundle; includeInIndex = 0; path = "Projects 2 & 3 - FlixsterUITests.xctest"; sourceTree = BUILT_PRODUCTS_DIR; };
		3F467FDD2AE99FF10077D73E /* Projects 2 & 3 - FlixsterUITests.swift */ = {isa = PBXFileReference; lastKnownFileType = sourcecode.swift; path = "Projects 2 & 3 - FlixsterUITests.swift"; sourceTree = "<group>"; };
		3F467FDF2AE99FF10077D73E /* Projects 2 & 3 - FlixsterUITestsLaunchTests.swift */ = {isa = PBXFileReference; lastKnownFileType = sourcecode.swift; path = "Projects 2 & 3 - FlixsterUITestsLaunchTests.swift"; sourceTree = "<group>"; };
		3F467FEC2AE9C6EB0077D73E /* Assets.xcassets */ = {isa = PBXFileReference; lastKnownFileType = folder.assetcatalog; path = Assets.xcassets; sourceTree = "<group>"; };
		3F467FEF2AE9E5310077D73E /* movieData.swift */ = {isa = PBXFileReference; lastKnownFileType = sourcecode.swift; path = movieData.swift; sourceTree = "<group>"; };
		3F467FF32AEB18E70077D73E /* MoviesTableViewController.swift */ = {isa = PBXFileReference; lastKnownFileType = sourcecode.swift; path = MoviesTableViewController.swift; sourceTree = "<group>"; };
		3FABF3722AEC45DB00E3CD01 /* MovieDetailViewController.swift */ = {isa = PBXFileReference; lastKnownFileType = sourcecode.swift; path = MovieDetailViewController.swift; sourceTree = "<group>"; };
		3FABF3762AEC6DC200E3CD01 /* MovieCell.swift */ = {isa = PBXFileReference; lastKnownFileType = sourcecode.swift; path = MovieCell.swift; sourceTree = "<group>"; };
/* End PBXFileReference section */

/* Begin PBXFrameworksBuildPhase section */
		3F467FB62AE99FEE0077D73E /* Frameworks */ = {
			isa = PBXFrameworksBuildPhase;
			buildActionMask = 2147483647;
			files = (
			);
			runOnlyForDeploymentPostprocessing = 0;
		};
		3F467FCC2AE99FF10077D73E /* Frameworks */ = {
			isa = PBXFrameworksBuildPhase;
			buildActionMask = 2147483647;
			files = (
			);
			runOnlyForDeploymentPostprocessing = 0;
		};
		3F467FD62AE99FF10077D73E /* Frameworks */ = {
			isa = PBXFrameworksBuildPhase;
			buildActionMask = 2147483647;
			files = (
			);
			runOnlyForDeploymentPostprocessing = 0;
		};
/* End PBXFrameworksBuildPhase section */

/* Begin PBXGroup section */
		3F467FB02AE99FEE0077D73E = {
			isa = PBXGroup;
			children = (
				3FABF3722AEC45DB00E3CD01 /* MovieDetailViewController.swift */,
				3FABF36D2AEC30FD00E3CD01 /* CustomCells */,
				3F467FEE2AE9E4D90077D73E /* Models */,
				3F467FEC2AE9C6EB0077D73E /* Assets.xcassets */,
				3F467FBB2AE99FEE0077D73E /* Projects 2 & 3 - Flixster */,
				3F467FD22AE99FF10077D73E /* Projects 2 & 3 - FlixsterTests */,
				3F467FDC2AE99FF10077D73E /* Projects 2 & 3 - FlixsterUITests */,
				3F467FBA2AE99FEE0077D73E /* Products */,
			);
			sourceTree = "<group>";
		};
		3F467FBA2AE99FEE0077D73E /* Products */ = {
			isa = PBXGroup;
			children = (
				3F467FB92AE99FEE0077D73E /* Projects 2 & 3 - Flixster.app */,
				3F467FCF2AE99FF10077D73E /* Projects 2 & 3 - FlixsterTests.xctest */,
				3F467FD92AE99FF10077D73E /* Projects 2 & 3 - FlixsterUITests.xctest */,
			);
			name = Products;
			sourceTree = "<group>";
		};
		3F467FBB2AE99FEE0077D73E /* Projects 2 & 3 - Flixster */ = {
			isa = PBXGroup;
			children = (
				3F467FF32AEB18E70077D73E /* MoviesTableViewController.swift */,
				3F467FBC2AE99FEE0077D73E /* AppDelegate.swift */,
				3F467FBE2AE99FEE0077D73E /* SceneDelegate.swift */,
				3F467FC02AE99FEE0077D73E /* ViewController.swift */,
				3F467FC22AE99FEE0077D73E /* Main.storyboard */,
				3F467FC52AE99FEF0077D73E /* Assets.xcassets */,
				3F467FC72AE99FEF0077D73E /* LaunchScreen.storyboard */,
				3F467FCA2AE99FEF0077D73E /* Info.plist */,
			);
			path = "Projects 2 & 3 - Flixster";
			sourceTree = "<group>";
		};
		3F467FD22AE99FF10077D73E /* Projects 2 & 3 - FlixsterTests */ = {
			isa = PBXGroup;
			children = (
				3F467FD32AE99FF10077D73E /* Projects 2 & 3 - FlixsterTests.swift */,
			);
			path = "Projects 2 & 3 - FlixsterTests";
			sourceTree = "<group>";
		};
		3F467FDC2AE99FF10077D73E /* Projects 2 & 3 - FlixsterUITests */ = {
			isa = PBXGroup;
			children = (
				3F467FDD2AE99FF10077D73E /* Projects 2 & 3 - FlixsterUITests.swift */,
				3F467FDF2AE99FF10077D73E /* Projects 2 & 3 - FlixsterUITestsLaunchTests.swift */,
			);
			path = "Projects 2 & 3 - FlixsterUITests";
			sourceTree = "<group>";
		};
		3F467FEE2AE9E4D90077D73E /* Models */ = {
			isa = PBXGroup;
			children = (
				3F467FEF2AE9E5310077D73E /* movieData.swift */,
			);
			path = Models;
			sourceTree = "<group>";
		};
		3FABF36D2AEC30FD00E3CD01 /* CustomCells */ = {
			isa = PBXGroup;
			children = (
				3FABF3762AEC6DC200E3CD01 /* MovieCell.swift */,
			);
			path = CustomCells;
			sourceTree = "<group>";
		};
/* End PBXGroup section */

/* Begin PBXNativeTarget section */
		3F467FB82AE99FEE0077D73E /* Projects 2 & 3 - Flixster */ = {
			isa = PBXNativeTarget;
			buildConfigurationList = 3F467FE32AE99FF10077D73E /* Build configuration list for PBXNativeTarget "Projects 2 & 3 - Flixster" */;
			buildPhases = (
				3F467FB52AE99FEE0077D73E /* Sources */,
				3F467FB62AE99FEE0077D73E /* Frameworks */,
				3F467FB72AE99FEE0077D73E /* Resources */,
			);
			buildRules = (
			);
			dependencies = (
			);
			name = "Projects 2 & 3 - Flixster";
			productName = "Project 2 - Flixster";
			productReference = 3F467FB92AE99FEE0077D73E /* Projects 2 & 3 - Flixster.app */;
			productType = "com.apple.product-type.application";
		};
		3F467FCE2AE99FF10077D73E /* Projects 2 & 3 - FlixsterTests */ = {
			isa = PBXNativeTarget;
			buildConfigurationList = 3F467FE62AE99FF10077D73E /* Build configuration list for PBXNativeTarget "Projects 2 & 3 - FlixsterTests" */;
			buildPhases = (
				3F467FCB2AE99FF10077D73E /* Sources */,
				3F467FCC2AE99FF10077D73E /* Frameworks */,
				3F467FCD2AE99FF10077D73E /* Resources */,
			);
			buildRules = (
			);
			dependencies = (
				3F467FD12AE99FF10077D73E /* PBXTargetDependency */,
			);
			name = "Projects 2 & 3 - FlixsterTests";
			productName = "Project 2 - FlixsterTests";
			productReference = 3F467FCF2AE99FF10077D73E /* Projects 2 & 3 - FlixsterTests.xctest */;
			productType = "com.apple.product-type.bundle.unit-test";
		};
		3F467FD82AE99FF10077D73E /* Projects 2 & 3 - FlixsterUITests */ = {
			isa = PBXNativeTarget;
			buildConfigurationList = 3F467FE92AE99FF10077D73E /* Build configuration list for PBXNativeTarget "Projects 2 & 3 - FlixsterUITests" */;
			buildPhases = (
				3F467FD52AE99FF10077D73E /* Sources */,
				3F467FD62AE99FF10077D73E /* Frameworks */,
				3F467FD72AE99FF10077D73E /* Resources */,
			);
			buildRules = (
			);
			dependencies = (
				3F467FDB2AE99FF10077D73E /* PBXTargetDependency */,
			);
			name = "Projects 2 & 3 - FlixsterUITests";
			productName = "Project 2 - FlixsterUITests";
			productReference = 3F467FD92AE99FF10077D73E /* Projects 2 & 3 - FlixsterUITests.xctest */;
			productType = "com.apple.product-type.bundle.ui-testing";
		};
/* End PBXNativeTarget section */

/* Begin PBXProject section */
		3F467FB12AE99FEE0077D73E /* Project object */ = {
			isa = PBXProject;
			attributes = {
				BuildIndependentTargetsInParallel = 1;
				LastSwiftUpdateCheck = 1500;
				LastUpgradeCheck = 1500;
				TargetAttributes = {
					3F467FB82AE99FEE0077D73E = {
						CreatedOnToolsVersion = 15.0.1;
					};
					3F467FCE2AE99FF10077D73E = {
						CreatedOnToolsVersion = 15.0.1;
						TestTargetID = 3F467FB82AE99FEE0077D73E;
					};
					3F467FD82AE99FF10077D73E = {
						CreatedOnToolsVersion = 15.0.1;
						TestTargetID = 3F467FB82AE99FEE0077D73E;
					};
				};
			};
			buildConfigurationList = 3F467FB42AE99FEE0077D73E /* Build configuration list for PBXProject "Projects 2 & 3 - Flixster" */;
			compatibilityVersion = "Xcode 14.0";
			developmentRegion = en;
			hasScannedForEncodings = 0;
			knownRegions = (
				en,
				Base,
			);
			mainGroup = 3F467FB02AE99FEE0077D73E;
			productRefGroup = 3F467FBA2AE99FEE0077D73E /* Products */;
			projectDirPath = "";
			projectRoot = "";
			targets = (
				3F467FB82AE99FEE0077D73E /* Projects 2 & 3 - Flixster */,
				3F467FCE2AE99FF10077D73E /* Projects 2 & 3 - FlixsterTests */,
				3F467FD82AE99FF10077D73E /* Projects 2 & 3 - FlixsterUITests */,
			);
		};
/* End PBXProject section */

/* Begin PBXResourcesBuildPhase section */
		3F467FB72AE99FEE0077D73E /* Resources */ = {
			isa = PBXResourcesBuildPhase;
			buildActionMask = 2147483647;
			files = (
				3F467FC92AE99FEF0077D73E /* LaunchScreen.storyboard in Resources */,
				3F467FC62AE99FEF0077D73E /* Assets.xcassets in Resources */,
				3F467FED2AE9C6EB0077D73E /* Assets.xcassets in Resources */,
				3F467FC42AE99FEE0077D73E /* Main.storyboard in Resources */,
			);
			runOnlyForDeploymentPostprocessing = 0;
		};
		3F467FCD2AE99FF10077D73E /* Resources */ = {
			isa = PBXResourcesBuildPhase;
			buildActionMask = 2147483647;
			files = (
			);
			runOnlyForDeploymentPostprocessing = 0;
		};
		3F467FD72AE99FF10077D73E /* Resources */ = {
			isa = PBXResourcesBuildPhase;
			buildActionMask = 2147483647;
			files = (
			);
			runOnlyForDeploymentPostprocessing = 0;
		};
/* End PBXResourcesBuildPhase section */

/* Begin PBXSourcesBuildPhase section */
		3F467FB52AE99FEE0077D73E /* Sources */ = {
			isa = PBXSourcesBuildPhase;
			buildActionMask = 2147483647;
			files = (
				3FABF3772AEC6DC200E3CD01 /* MovieCell.swift in Sources */,
				3F467FF02AE9E5320077D73E /* movieData.swift in Sources */,
				3F467FC12AE99FEE0077D73E /* ViewController.swift in Sources */,
				3F467FBD2AE99FEE0077D73E /* AppDelegate.swift in Sources */,
				3FABF3732AEC45DB00E3CD01 /* MovieDetailViewController.swift in Sources */,
				3F467FF42AEB18E70077D73E /* MoviesTableViewController.swift in Sources */,
				3F467FBF2AE99FEE0077D73E /* SceneDelegate.swift in Sources */,
			);
			runOnlyForDeploymentPostprocessing = 0;
		};
		3F467FCB2AE99FF10077D73E /* Sources */ = {
			isa = PBXSourcesBuildPhase;
			buildActionMask = 2147483647;
			files = (
				3F467FD42AE99FF10077D73E /* Projects 2 & 3 - FlixsterTests.swift in Sources */,
			);
			runOnlyForDeploymentPostprocessing = 0;
		};
		3F467FD52AE99FF10077D73E /* Sources */ = {
			isa = PBXSourcesBuildPhase;
			buildActionMask = 2147483647;
			files = (
				3F467FE02AE99FF10077D73E /* Projects 2 & 3 - FlixsterUITestsLaunchTests.swift in Sources */,
				3F467FDE2AE99FF10077D73E /* Projects 2 & 3 - FlixsterUITests.swift in Sources */,
			);
			runOnlyForDeploymentPostprocessing = 0;
		};
/* End PBXSourcesBuildPhase section */

/* Begin PBXTargetDependency section */
		3F467FD12AE99FF10077D73E /* PBXTargetDependency */ = {
			isa = PBXTargetDependency;
			target = 3F467FB82AE99FEE0077D73E /* Projects 2 & 3 - Flixster */;
			targetProxy = 3F467FD02AE99FF10077D73E /* PBXContainerItemProxy */;
		};
		3F467FDB2AE99FF10077D73E /* PBXTargetDependency */ = {
			isa = PBXTargetDependency;
			target = 3F467FB82AE99FEE0077D73E /* Projects 2 & 3 - Flixster */;
			targetProxy = 3F467FDA2AE99FF10077D73E /* PBXContainerItemProxy */;
		};
/* End PBXTargetDependency section */

/* Begin PBXVariantGroup section */
		3F467FC22AE99FEE0077D73E /* Main.storyboard */ = {
			isa = PBXVariantGroup;
			children = (
				3F467FC32AE99FEE0077D73E /* Base */,
			);
			name = Main.storyboard;
			sourceTree = "<group>";
		};
		3F467FC72AE99FEF0077D73E /* LaunchScreen.storyboard */ = {
			isa = PBXVariantGroup;
			children = (
				3F467FC82AE99FEF0077D73E /* Base */,
			);
			name = LaunchScreen.storyboard;
			sourceTree = "<group>";
		};
/* End PBXVariantGroup section */

/* Begin XCBuildConfiguration section */
		3F467FE12AE99FF10077D73E /* Debug */ = {
			isa = XCBuildConfiguration;
			buildSettings = {
				ALWAYS_SEARCH_USER_PATHS = NO;
				ASSETCATALOG_COMPILER_GENERATE_SWIFT_ASSET_SYMBOL_EXTENSIONS = YES;
				CLANG_ANALYZER_NONNULL = YES;
				CLANG_ANALYZER_NUMBER_OBJECT_CONVERSION = YES_AGGRESSIVE;
				CLANG_CXX_LANGUAGE_STANDARD = "gnu++20";
				CLANG_ENABLE_MODULES = YES;
				CLANG_ENABLE_OBJC_ARC = YES;
				CLANG_ENABLE_OBJC_WEAK = YES;
				CLANG_WARN_BLOCK_CAPTURE_AUTORELEASING = YES;
				CLANG_WARN_BOOL_CONVERSION = YES;
				CLANG_WARN_COMMA = YES;
				CLANG_WARN_CONSTANT_CONVERSION = YES;
				CLANG_WARN_DEPRECATED_OBJC_IMPLEMENTATIONS = YES;
				CLANG_WARN_DIRECT_OBJC_ISA_USAGE = YES_ERROR;
				CLANG_WARN_DOCUMENTATION_COMMENTS = YES;
				CLANG_WARN_EMPTY_BODY = YES;
				CLANG_WARN_ENUM_CONVERSION = YES;
				CLANG_WARN_INFINITE_RECURSION = YES;
				CLANG_WARN_INT_CONVERSION = YES;
				CLANG_WARN_NON_LITERAL_NULL_CONVERSION = YES;
				CLANG_WARN_OBJC_IMPLICIT_RETAIN_SELF = YES;
				CLANG_WARN_OBJC_LITERAL_CONVERSION = YES;
				CLANG_WARN_OBJC_ROOT_CLASS = YES_ERROR;
				CLANG_WARN_QUOTED_INCLUDE_IN_FRAMEWORK_HEADER = YES;
				CLANG_WARN_RANGE_LOOP_ANALYSIS = YES;
				CLANG_WARN_STRICT_PROTOTYPES = YES;
				CLANG_WARN_SUSPICIOUS_MOVE = YES;
				CLANG_WARN_UNGUARDED_AVAILABILITY = YES_AGGRESSIVE;
				CLANG_WARN_UNREACHABLE_CODE = YES;
				CLANG_WARN__DUPLICATE_METHOD_MATCH = YES;
				COPY_PHASE_STRIP = NO;
				DEBUG_INFORMATION_FORMAT = dwarf;
				ENABLE_STRICT_OBJC_MSGSEND = YES;
				ENABLE_TESTABILITY = YES;
				ENABLE_USER_SCRIPT_SANDBOXING = YES;
				GCC_C_LANGUAGE_STANDARD = gnu17;
				GCC_DYNAMIC_NO_PIC = NO;
				GCC_NO_COMMON_BLOCKS = YES;
				GCC_OPTIMIZATION_LEVEL = 0;
				GCC_PREPROCESSOR_DEFINITIONS = (
					"DEBUG=1",
					"$(inherited)",
				);
				GCC_WARN_64_TO_32_BIT_CONVERSION = YES;
				GCC_WARN_ABOUT_RETURN_TYPE = YES_ERROR;
				GCC_WARN_UNDECLARED_SELECTOR = YES;
				GCC_WARN_UNINITIALIZED_AUTOS = YES_AGGRESSIVE;
				GCC_WARN_UNUSED_FUNCTION = YES;
				GCC_WARN_UNUSED_VARIABLE = YES;
				IPHONEOS_DEPLOYMENT_TARGET = 17.0;
				LOCALIZATION_PREFERS_STRING_CATALOGS = YES;
				MTL_ENABLE_DEBUG_INFO = INCLUDE_SOURCE;
				MTL_FAST_MATH = YES;
				ONLY_ACTIVE_ARCH = YES;
				SDKROOT = iphoneos;
				SWIFT_ACTIVE_COMPILATION_CONDITIONS = "DEBUG $(inherited)";
				SWIFT_OPTIMIZATION_LEVEL = "-Onone";
			};
			name = Debug;
		};
		3F467FE22AE99FF10077D73E /* Release */ = {
			isa = XCBuildConfiguration;
			buildSettings = {
				ALWAYS_SEARCH_USER_PATHS = NO;
				ASSETCATALOG_COMPILER_GENERATE_SWIFT_ASSET_SYMBOL_EXTENSIONS = YES;
				CLANG_ANALYZER_NONNULL = YES;
				CLANG_ANALYZER_NUMBER_OBJECT_CONVERSION = YES_AGGRESSIVE;
				CLANG_CXX_LANGUAGE_STANDARD = "gnu++20";
				CLANG_ENABLE_MODULES = YES;
				CLANG_ENABLE_OBJC_ARC = YES;
				CLANG_ENABLE_OBJC_WEAK = YES;
				CLANG_WARN_BLOCK_CAPTURE_AUTORELEASING = YES;
				CLANG_WARN_BOOL_CONVERSION = YES;
				CLANG_WARN_COMMA = YES;
				CLANG_WARN_CONSTANT_CONVERSION = YES;
				CLANG_WARN_DEPRECATED_OBJC_IMPLEMENTATIONS = YES;
				CLANG_WARN_DIRECT_OBJC_ISA_USAGE = YES_ERROR;
				CLANG_WARN_DOCUMENTATION_COMMENTS = YES;
				CLANG_WARN_EMPTY_BODY = YES;
				CLANG_WARN_ENUM_CONVERSION = YES;
				CLANG_WARN_INFINITE_RECURSION = YES;
				CLANG_WARN_INT_CONVERSION = YES;
				CLANG_WARN_NON_LITERAL_NULL_CONVERSION = YES;
				CLANG_WARN_OBJC_IMPLICIT_RETAIN_SELF = YES;
				CLANG_WARN_OBJC_LITERAL_CONVERSION = YES;
				CLANG_WARN_OBJC_ROOT_CLASS = YES_ERROR;
				CLANG_WARN_QUOTED_INCLUDE_IN_FRAMEWORK_HEADER = YES;
				CLANG_WARN_RANGE_LOOP_ANALYSIS = YES;
				CLANG_WARN_STRICT_PROTOTYPES = YES;
				CLANG_WARN_SUSPICIOUS_MOVE = YES;
				CLANG_WARN_UNGUARDED_AVAILABILITY = YES_AGGRESSIVE;
				CLANG_WARN_UNREACHABLE_CODE = YES;
				CLANG_WARN__DUPLICATE_METHOD_MATCH = YES;
				COPY_PHASE_STRIP = NO;
				DEBUG_INFORMATION_FORMAT = "dwarf-with-dsym";
				ENABLE_NS_ASSERTIONS = NO;
				ENABLE_STRICT_OBJC_MSGSEND = YES;
				ENABLE_USER_SCRIPT_SANDBOXING = YES;
				GCC_C_LANGUAGE_STANDARD = gnu17;
				GCC_NO_COMMON_BLOCKS = YES;
				GCC_WARN_64_TO_32_BIT_CONVERSION = YES;
				GCC_WARN_ABOUT_RETURN_TYPE = YES_ERROR;
				GCC_WARN_UNDECLARED_SELECTOR = YES;
				GCC_WARN_UNINITIALIZED_AUTOS = YES_AGGRESSIVE;
				GCC_WARN_UNUSED_FUNCTION = YES;
				GCC_WARN_UNUSED_VARIABLE = YES;
				IPHONEOS_DEPLOYMENT_TARGET = 17.0;
				LOCALIZATION_PREFERS_STRING_CATALOGS = YES;
				MTL_ENABLE_DEBUG_INFO = NO;
				MTL_FAST_MATH = YES;
				SDKROOT = iphoneos;
				SWIFT_COMPILATION_MODE = wholemodule;
				VALIDATE_PRODUCT = YES;
			};
			name = Release;
		};
		3F467FE42AE99FF10077D73E /* Debug */ = {
			isa = XCBuildConfiguration;
			buildSettings = {
				ASSETCATALOG_COMPILER_APPICON_NAME = AppIcon;
				ASSETCATALOG_COMPILER_GLOBAL_ACCENT_COLOR_NAME = AccentColor;
				CODE_SIGN_STYLE = Automatic;
				CURRENT_PROJECT_VERSION = 1;
				DEVELOPMENT_TEAM = 2P8L5FVUU5;
				GENERATE_INFOPLIST_FILE = YES;
				INFOPLIST_FILE = "Projects 2 & 3 - Flixster/Info.plist";
				INFOPLIST_KEY_UIApplicationSupportsIndirectInputEvents = YES;
				INFOPLIST_KEY_UILaunchStoryboardName = LaunchScreen;
				INFOPLIST_KEY_UIMainStoryboardFile = Main;
				INFOPLIST_KEY_UISupportedInterfaceOrientations_iPad = "UIInterfaceOrientationPortrait UIInterfaceOrientationPortraitUpsideDown UIInterfaceOrientationLandscapeLeft UIInterfaceOrientationLandscapeRight";
				INFOPLIST_KEY_UISupportedInterfaceOrientations_iPhone = "UIInterfaceOrientationPortrait UIInterfaceOrientationLandscapeLeft UIInterfaceOrientationLandscapeRight";
				LD_RUNPATH_SEARCH_PATHS = (
					"$(inherited)",
					"@executable_path/Frameworks",
				);
				MARKETING_VERSION = 1.0;
				PRODUCT_BUNDLE_IDENTIFIER = "cop4655.Project-2---Flixster";
				PRODUCT_NAME = "$(TARGET_NAME)";
				SWIFT_EMIT_LOC_STRINGS = YES;
				SWIFT_VERSION = 5.0;
				TARGETED_DEVICE_FAMILY = "1,2";
			};
			name = Debug;
		};
		3F467FE52AE99FF10077D73E /* Release */ = {
			isa = XCBuildConfiguration;
			buildSettings = {
				ASSETCATALOG_COMPILER_APPICON_NAME = AppIcon;
				ASSETCATALOG_COMPILER_GLOBAL_ACCENT_COLOR_NAME = AccentColor;
				CODE_SIGN_STYLE = Automatic;
				CURRENT_PROJECT_VERSION = 1;
				DEVELOPMENT_TEAM = 2P8L5FVUU5;
				GENERATE_INFOPLIST_FILE = YES;
				INFOPLIST_FILE = "Projects 2 & 3 - Flixster/Info.plist";
				INFOPLIST_KEY_UIApplicationSupportsIndirectInputEvents = YES;
				INFOPLIST_KEY_UILaunchStoryboardName = LaunchScreen;
				INFOPLIST_KEY_UIMainStoryboardFile = Main;
				INFOPLIST_KEY_UISupportedInterfaceOrientations_iPad = "UIInterfaceOrientationPortrait UIInterfaceOrientationPortraitUpsideDown UIInterfaceOrientationLandscapeLeft UIInterfaceOrientationLandscapeRight";
				INFOPLIST_KEY_UISupportedInterfaceOrientations_iPhone = "UIInterfaceOrientationPortrait UIInterfaceOrientationLandscapeLeft UIInterfaceOrientationLandscapeRight";
				LD_RUNPATH_SEARCH_PATHS = (
					"$(inherited)",
					"@executable_path/Frameworks",
				);
				MARKETING_VERSION = 1.0;
				PRODUCT_BUNDLE_IDENTIFIER = "cop4655.Project-2---Flixster";
				PRODUCT_NAME = "$(TARGET_NAME)";
				SWIFT_EMIT_LOC_STRINGS = YES;
				SWIFT_VERSION = 5.0;
				TARGETED_DEVICE_FAMILY = "1,2";
			};
			name = Release;
		};
		3F467FE72AE99FF10077D73E /* Debug */ = {
			isa = XCBuildConfiguration;
			buildSettings = {
				ALWAYS_EMBED_SWIFT_STANDARD_LIBRARIES = YES;
				BUNDLE_LOADER = "$(TEST_HOST)";
				CODE_SIGN_STYLE = Automatic;
				CURRENT_PROJECT_VERSION = 1;
				DEVELOPMENT_TEAM = 2P8L5FVUU5;
				GENERATE_INFOPLIST_FILE = YES;
				IPHONEOS_DEPLOYMENT_TARGET = 17.0;
				MARKETING_VERSION = 1.0;
				PRODUCT_BUNDLE_IDENTIFIER = "cop4655.Project-2---FlixsterTests";
				PRODUCT_NAME = "$(TARGET_NAME)";
				SWIFT_EMIT_LOC_STRINGS = NO;
				SWIFT_VERSION = 5.0;
				TARGETED_DEVICE_FAMILY = "1,2";
				TEST_HOST = "$(BUILT_PRODUCTS_DIR)/Projects 2 & 3 - Flixster.app/$(BUNDLE_EXECUTABLE_FOLDER_PATH)/Projects 2 & 3 - Flixster";
			};
			name = Debug;
		};
		3F467FE82AE99FF10077D73E /* Release */ = {
			isa = XCBuildConfiguration;
			buildSettings = {
				ALWAYS_EMBED_SWIFT_STANDARD_LIBRARIES = YES;
				BUNDLE_LOADER = "$(TEST_HOST)";
				CODE_SIGN_STYLE = Automatic;
				CURRENT_PROJECT_VERSION = 1;
				DEVELOPMENT_TEAM = 2P8L5FVUU5;
				GENERATE_INFOPLIST_FILE = YES;
				IPHONEOS_DEPLOYMENT_TARGET = 17.0;
				MARKETING_VERSION = 1.0;
				PRODUCT_BUNDLE_IDENTIFIER = "cop4655.Project-2---FlixsterTests";
				PRODUCT_NAME = "$(TARGET_NAME)";
				SWIFT_EMIT_LOC_STRINGS = NO;
				SWIFT_VERSION = 5.0;
				TARGETED_DEVICE_FAMILY = "1,2";
				TEST_HOST = "$(BUILT_PRODUCTS_DIR)/Projects 2 & 3 - Flixster.app/$(BUNDLE_EXECUTABLE_FOLDER_PATH)/Projects 2 & 3 - Flixster";
			};
			name = Release;
		};
		3F467FEA2AE99FF10077D73E /* Debug */ = {
			isa = XCBuildConfiguration;
			buildSettings = {
				ALWAYS_EMBED_SWIFT_STANDARD_LIBRARIES = YES;
				CODE_SIGN_STYLE = Automatic;
				CURRENT_PROJECT_VERSION = 1;
				DEVELOPMENT_TEAM = 2P8L5FVUU5;
				GENERATE_INFOPLIST_FILE = YES;
				MARKETING_VERSION = 1.0;
				PRODUCT_BUNDLE_IDENTIFIER = "cop4655.Project-2---FlixsterUITests";
				PRODUCT_NAME = "$(TARGET_NAME)";
				SWIFT_EMIT_LOC_STRINGS = NO;
				SWIFT_VERSION = 5.0;
				TARGETED_DEVICE_FAMILY = "1,2";
				TEST_TARGET_NAME = "Project 2 - Flixster";
			};
			name = Debug;
		};
		3F467FEB2AE99FF10077D73E /* Release */ = {
			isa = XCBuildConfiguration;
			buildSettings = {
				ALWAYS_EMBED_SWIFT_STANDARD_LIBRARIES = YES;
				CODE_SIGN_STYLE = Automatic;
				CURRENT_PROJECT_VERSION = 1;
				DEVELOPMENT_TEAM = 2P8L5FVUU5;
				GENERATE_INFOPLIST_FILE = YES;
				MARKETING_VERSION = 1.0;
				PRODUCT_BUNDLE_IDENTIFIER = "cop4655.Project-2---FlixsterUITests";
				PRODUCT_NAME = "$(TARGET_NAME)";
				SWIFT_EMIT_LOC_STRINGS = NO;
				SWIFT_VERSION = 5.0;
				TARGETED_DEVICE_FAMILY = "1,2";
				TEST_TARGET_NAME = "Project 2 - Flixster";
			};
			name = Release;
		};
/* End XCBuildConfiguration section */

/* Begin XCConfigurationList section */
		3F467FB42AE99FEE0077D73E /* Build configuration list for PBXProject "Projects 2 & 3 - Flixster" */ = {
			isa = XCConfigurationList;
			buildConfigurations = (
				3F467FE12AE99FF10077D73E /* Debug */,
				3F467FE22AE99FF10077D73E /* Release */,
			);
			defaultConfigurationIsVisible = 0;
			defaultConfigurationName = Release;
		};
		3F467FE32AE99FF10077D73E /* Build configuration list for PBXNativeTarget "Projects 2 & 3 - Flixster" */ = {
			isa = XCConfigurationList;
			buildConfigurations = (
				3F467FE42AE99FF10077D73E /* Debug */,
				3F467FE52AE99FF10077D73E /* Release */,
			);
			defaultConfigurationIsVisible = 0;
			defaultConfigurationName = Release;
		};
		3F467FE62AE99FF10077D73E /* Build configuration list for PBXNativeTarget "Projects 2 & 3 - FlixsterTests" */ = {
			isa = XCConfigurationList;
			buildConfigurations = (
				3F467FE72AE99FF10077D73E /* Debug */,
				3F467FE82AE99FF10077D73E /* Release */,
			);
			defaultConfigurationIsVisible = 0;
			defaultConfigurationName = Release;
		};
		3F467FE92AE99FF10077D73E /* Build configuration list for PBXNativeTarget "Projects 2 & 3 - FlixsterUITests" */ = {
			isa = XCConfigurationList;
			buildConfigurations = (
				3F467FEA2AE99FF10077D73E /* Debug */,
				3F467FEB2AE99FF10077D73E /* Release */,
			);
			defaultConfigurationIsVisible = 0;
			defaultConfigurationName = Release;
		};
/* End XCConfigurationList section */
	};
	rootObject = 3F467FB12AE99FEE0077D73E /* Project object */;
}
